
Microsoft Visual Studio Solution File, Format Version 12.00
# Visual Studio Version 17
VisualStudioVersion = 17.8.34330.188
MinimumVisualStudioVersion = 10.0.40219.1
Project("{FAE04EC0-301F-11D3-BF4B-00C04F79EFBC}") = "Design Pattern", "Design Pattern\Design Pattern.csproj", "{34846FD2-72B8-4E91-97AF-4BD47D0C4423}"
EndProject
Global
	GlobalSection(SolutionConfigurationPlatforms) = preSolution
		Debug|Any CPU = Debug|Any CPU
		Release|Any CPU = Release|Any CPU
	EndGlobalSection
	GlobalSection(ProjectConfigurationPlatforms) = postSolution
		{34846FD2-72B8-4E91-97AF-4BD47D0C4423}.Debug|Any CPU.ActiveCfg = Debug|Any CPU
		{34846FD2-72B8-4E91-97AF-4BD47D0C4423}.Debug|Any CPU.Build.0 = Debug|Any CPU
		{34846FD2-72B8-4E91-97AF-4BD47D0C4423}.Release|Any CPU.ActiveCfg = Release|Any CPU
		{34846FD2-72B8-4E91-97AF-4BD47D0C4423}.Release|Any CPU.Build.0 = Release|Any CPU
	EndGlobalSection
	GlobalSection(SolutionProperties) = preSolution
		HideSolutionNode = FALSE
	EndGlobalSection
	GlobalSection(ExtensibilityGlobals) = postSolution
		SolutionGuid = {A8E229F4-F988-4F37-BAE7-DA1DED3F616A}
	EndGlobalSection
EndGlobal
